
Microsoft Visual Studio Solution File, Format Version 12.00
# Visual Studio 2012
Project("{8BC9CEB8-8B4A-11D0-8D11-00A0C91BC942}") = "GJing", "GJing\GJing.vcxproj", "{62611DE3-BF65-4D30-AADC-A021FDD5877E}"
EndProject
Global
	GlobalSection(SolutionConfigurationPlatforms) = preSolution
		Debug|Win32 = Debug|Win32
		Release|Win32 = Release|Win32
	EndGlobalSection
	GlobalSection(ProjectConfigurationPlatforms) = postSolution
		{62611DE3-BF65-4D30-AADC-A021FDD5877E}.Debug|Win32.ActiveCfg = Release|Win32
		{62611DE3-BF65-4D30-AADC-A021FDD5877E}.Debug|Win32.Build.0 = Release|Win32
		{62611DE3-BF65-4D30-AADC-A021FDD5877E}.Release|Win32.ActiveCfg = Release|Win32
		{62611DE3-BF65-4D30-AADC-A021FDD5877E}.Release|Win32.Build.0 = Release|Win32
	EndGlobalSection
	GlobalSection(SolutionProperties) = preSolution
		HideSolutionNode = FALSE
	EndGlobalSection
EndGlobal
